{
  "version": 4,
  "terraform_version": "1.7.5",
  "serial": 2,
  "lineage": "44b8ddf2-df81-a93d-5caf-89dd4fab333a",
  "outputs": {},
  "resources": [
    {
      "mode": "data",
      "type": "gandi_domain",
      "name": "tl-org",
      "provider": "provider[\"registry.terraform.io/go-gandi/gandi\"]",
      "instances": [
        {
          "schema_version": 0,
          "attributes": {
            "id": "tahoe-lafs.org",
            "name": "tahoe-lafs.org",
            "nameservers": [
              "ns-29-a.gnadi.net",
              "ns-70-b.gnadi.net",
              "ns-153-c.gnadi.net"
            ]
          },
          "sensitive_attributes": []
        }
      ]
    },
    {
      "mode": "managed",
      "type": "gandi_domain",
      "name": "tl-org",
      "provider": "provider[\"registry.terraform.io/go-gandi/gandi\"]",
      "instances": [
        {
          "schema_version": 0,
          "attributes": {
            "admin": [
              {
                "city": "Gotham",
                "country": "US",
                "data_obfuscated": true,
                "email": "contact@example.com",
                "extra_parameters": {
                  "birth_city": "",
                  "birth_country": "",
                  "birth_date": "",
                  "birth_department": ""
                },
                "family_name": "LAFS",
                "given_name": "Terlog",
                "mail_obfuscated": true,
                "organisation": "Tahoe-LAFS",
                "phone": "+31.234567890",
                "state": "",
                "street_addr": "The place to be, 1",
                "type": "association",
                "zip": "12345"
              }
            ],
            "autorenew": false,
            "billing": [
              {
                "city": "Gotham",
                "country": "US",
                "data_obfuscated": true,
                "email": "contact@example.com",
                "extra_parameters": {
                  "birth_city": "",
                  "birth_country": "",
                  "birth_date": "",
                  "birth_department": ""
                },
                "family_name": "LAFS",
                "given_name": "Terlog",
                "mail_obfuscated": true,
                "organisation": "Tahoe-LAFS",
                "phone": "+31.234567890",
                "state": "",
                "street_addr": "The place to be, 1",
                "type": "association",
                "zip": "12345"
              }
            ],
            "id": "tahoe-lafs.org",
            "name": "tahoe-lafs.org",
            "nameservers": null,
            "owner": [
              {
                "city": "Gotham",
                "country": "US",
                "data_obfuscated": true,
                "email": "contact@example.com",
                "extra_parameters": {
                  "birth_city": "",
                  "birth_country": "",
                  "birth_date": "",
                  "birth_department": ""
                },
                "family_name": "LAFS",
                "given_name": "Terlog",
                "mail_obfuscated": true,
                "organisation": "Tahoe-LAFS",
                "phone": "+31.234567890",
                "state": "",
                "street_addr": "The place to be, 1",
                "type": "association",
                "zip": "12345"
              }
            ],
            "tags": null,
            "tech": [
              {
                "city": "Gotham",
                "country": "US",
                "data_obfuscated": true,
                "email": "contact@example.com",
                "extra_parameters": {
                  "birth_city": "",
                  "birth_country": "",
                  "birth_date": "",
                  "birth_department": ""
                },
                "family_name": "LAFS",
                "given_name": "Terlog",
                "mail_obfuscated": true,
                "organisation": "Tahoe-LAFS",
                "phone": "+31.234567890",
                "state": "",
                "street_addr": "The place to be, 1",
                "type": "association",
                "zip": "12345"
              }
            ],
            "timeouts": null
          },
          "sensitive_attributes": [],
          "private": "eyJlMmJmYjczMC1lY2FhLTExZTYtOGY4OC0zNDM2M2JjN2M0YzAiOnsiY3JlYXRlIjo2MDAwMDAwMDAwMCwiZGVmYXVsdCI6NjAwMDAwMDAwMDAsImRlbGV0ZSI6NjAwMDAwMDAwMDAsInJlYWQiOjYwMDAwMDAwMDAwLCJ1cGRhdGUiOjYwMDAwMDAwMDAwfX0="
        }
      ]
    },
    {
      "mode": "managed",
      "type": "gandi_livedns_domain",
      "name": "tl-org",
      "provider": "provider[\"registry.terraform.io/go-gandi/gandi\"]",
      "instances": [
        {
          "schema_version": 0,
          "attributes": {
            "automatic_snapshots": true,
            "id": "tahoe-lafs.org",
            "name": "tahoe-lafs.org",
            "timeouts": {
              "default": null
            },
            "ttl": null
          },
          "sensitive_attributes": [],
          "private": "eyJlMmJmYjczMC1lY2FhLTExZTYtOGY4OC0zNDM2M2JjN2M0YzAiOnsiY3JlYXRlIjo2MDAwMDAwMDAwMCwiZGVmYXVsdCI6NjAwMDAwMDAwMDAsImRlbGV0ZSI6NjAwMDAwMDAwMDAsInJlYWQiOjYwMDAwMDAwMDAwLCJ1cGRhdGUiOjYwMDAwMDAwMDAwfSwic2NoZW1hX3ZlcnNpb24iOiIwIn0=",
          "dependencies": [
            "data.gandi_domain.tl-org",
            "gandi_domain.tl-org"
          ]
        }
      ]
    },
    {
      "mode": "managed",
      "type": "gandi_livedns_record",
      "name": "tl-org_A",
      "provider": "provider[\"registry.terraform.io/go-gandi/gandi\"]",
      "instances": [
        {
          "schema_version": 0,
          "attributes": {
            "href": "https://api.sandbox.gandi.net/v5/livedns/domains/tahoe-lafs.org/records/@/A/api/v5/domains/tahoe-lafs.org/records/@/A",
            "id": "tahoe-lafs.org/@/A",
            "mutable": null,
            "name": "@",
            "timeouts": null,
            "ttl": 3600,
            "type": "A",
            "values": [
              "1.2.3.4"
            ],
            "zone": "tahoe-lafs.org"
          },
          "sensitive_attributes": [],
          "private": "eyJlMmJmYjczMC1lY2FhLTExZTYtOGY4OC0zNDM2M2JjN2M0YzAiOnsiY3JlYXRlIjo2MDAwMDAwMDAwMCwiZGVmYXVsdCI6NjAwMDAwMDAwMDAsImRlbGV0ZSI6NjAwMDAwMDAwMDAsInJlYWQiOjYwMDAwMDAwMDAwLCJ1cGRhdGUiOjYwMDAwMDAwMDAwfX0=",
          "dependencies": [
            "data.gandi_domain.tl-org",
            "gandi_domain.tl-org"
          ]
        }
      ]
    },
    {
      "mode": "managed",
      "type": "gandi_nameservers",
      "name": "tl-org",
      "provider": "provider[\"registry.terraform.io/go-gandi/gandi\"]",
      "instances": [
        {
          "schema_version": 0,
          "attributes": {
            "domain": "tahoe-lafs.org",
            "id": "tahoe-lafs.org",
            "nameservers": [
              "ns-29-a.gnadi.net",
              "ns-70-b.gnadi.net",
              "ns-153-c.gnadi.net"
            ],
            "timeouts": null
          },
          "sensitive_attributes": [],
          "private": "eyJlMmJmYjczMC1lY2FhLTExZTYtOGY4OC0zNDM2M2JjN2M0YzAiOnsiY3JlYXRlIjo2MDAwMDAwMDAwMCwiZGVmYXVsdCI6NjAwMDAwMDAwMDAsImRlbGV0ZSI6NjAwMDAwMDAwMDAsInJlYWQiOjYwMDAwMDAwMDAwLCJ1cGRhdGUiOjYwMDAwMDAwMDAwfX0=",
          "dependencies": [
            "data.gandi_domain.tl-org",
            "gandi_domain.tl-org"
          ]
        }
      ]
    }
  ],
  "check_results": null
}
